
Microsoft Visual Studio Solution File, Format Version 12.00
# Visual Studio Version 17
VisualStudioVersion = 17.14.36429.23 d17.14
MinimumVisualStudioVersion = 10.0.40219.1
Project("{FAE04EC0-301F-11D3-BF4B-00C04F79EFBC}") = "FishCycleApp", "FishCycleApp\FishCycleApp.csproj", "{6E28F69E-2620-4398-A980-FDA636FBB8C4}"
EndProject
Global
	GlobalSection(SolutionConfigurationPlatforms) = preSolution
		Debug|Any CPU = Debug|Any CPU
		Release|Any CPU = Release|Any CPU
	EndGlobalSection
	GlobalSection(ProjectConfigurationPlatforms) = postSolution
		{6E28F69E-2620-4398-A980-FDA636FBB8C4}.Debug|Any CPU.ActiveCfg = Debug|Any CPU
		{6E28F69E-2620-4398-A980-FDA636FBB8C4}.Debug|Any CPU.Build.0 = Debug|Any CPU
		{6E28F69E-2620-4398-A980-FDA636FBB8C4}.Release|Any CPU.ActiveCfg = Release|Any CPU
		{6E28F69E-2620-4398-A980-FDA636FBB8C4}.Release|Any CPU.Build.0 = Release|Any CPU
	EndGlobalSection
	GlobalSection(SolutionProperties) = preSolution
		HideSolutionNode = FALSE
	EndGlobalSection
	GlobalSection(ExtensibilityGlobals) = postSolution
		SolutionGuid = {F14E8DAB-7ABA-4969-9D53-D751F20E4216}
	EndGlobalSection
EndGlobal
